
Microsoft Visual Studio Solution File, Format Version 12.00
# Visual Studio Version 17
VisualStudioVersion = 17.7.34031.279
MinimumVisualStudioVersion = 10.0.40219.1
Project("{9A19103F-16F7-4668-BE54-9A1E7A4F7556}") = "C#_ConsoleApp", "C#_ConsoleApp\C#_ConsoleApp.csproj", "{4EC4A88A-E30F-41CE-8081-77750B74F232}"
EndProject
Project("{9A19103F-16F7-4668-BE54-9A1E7A4F7556}") = "Service", "Service\Service.csproj", "{527EC27F-FF6A-4480-9E0A-47A0D94EF9DE}"
EndProject
Project("{9A19103F-16F7-4668-BE54-9A1E7A4F7556}") = "Domain", "Domain\Domain.csproj", "{3781C7B3-BFCF-4C1A-9568-E4C58C64711B}"
EndProject
Global
	GlobalSection(SolutionConfigurationPlatforms) = preSolution
		Debug|Any CPU = Debug|Any CPU
		Release|Any CPU = Release|Any CPU
	EndGlobalSection
	GlobalSection(ProjectConfigurationPlatforms) = postSolution
		{4EC4A88A-E30F-41CE-8081-77750B74F232}.Debug|Any CPU.ActiveCfg = Debug|Any CPU
		{4EC4A88A-E30F-41CE-8081-77750B74F232}.Debug|Any CPU.Build.0 = Debug|Any CPU
		{4EC4A88A-E30F-41CE-8081-77750B74F232}.Release|Any CPU.ActiveCfg = Release|Any CPU
		{4EC4A88A-E30F-41CE-8081-77750B74F232}.Release|Any CPU.Build.0 = Release|Any CPU
		{527EC27F-FF6A-4480-9E0A-47A0D94EF9DE}.Debug|Any CPU.ActiveCfg = Debug|Any CPU
		{527EC27F-FF6A-4480-9E0A-47A0D94EF9DE}.Debug|Any CPU.Build.0 = Debug|Any CPU
		{527EC27F-FF6A-4480-9E0A-47A0D94EF9DE}.Release|Any CPU.ActiveCfg = Release|Any CPU
		{527EC27F-FF6A-4480-9E0A-47A0D94EF9DE}.Release|Any CPU.Build.0 = Release|Any CPU
		{3781C7B3-BFCF-4C1A-9568-E4C58C64711B}.Debug|Any CPU.ActiveCfg = Debug|Any CPU
		{3781C7B3-BFCF-4C1A-9568-E4C58C64711B}.Debug|Any CPU.Build.0 = Debug|Any CPU
		{3781C7B3-BFCF-4C1A-9568-E4C58C64711B}.Release|Any CPU.ActiveCfg = Release|Any CPU
		{3781C7B3-BFCF-4C1A-9568-E4C58C64711B}.Release|Any CPU.Build.0 = Release|Any CPU
	EndGlobalSection
	GlobalSection(SolutionProperties) = preSolution
		HideSolutionNode = FALSE
	EndGlobalSection
	GlobalSection(ExtensibilityGlobals) = postSolution
		SolutionGuid = {7E1018F7-D8BA-4FF2-A12A-805EE5EF945F}
	EndGlobalSection
EndGlobal
